Microsoft Visual Studio Solution File, Format Version 12.00
# Visual Studio Version 17
VisualStudioVersion = 17.5.2.0
MinimumVisualStudioVersion = 10.0.40219.1
Project("{FAE04EC0-301F-11D3-BF4B-00C04F79EFBC}") = "BlazorCountdown", "BlazorCountdown.csproj", "{F6FE523A-7B45-651F-2C87-EA5B51A38D63}"
EndProject
Global
	GlobalSection(SolutionConfigurationPlatforms) = preSolution
		Debug|Any CPU = Debug|Any CPU
		Release|Any CPU = Release|Any CPU
	EndGlobalSection
	GlobalSection(ProjectConfigurationPlatforms) = postSolution
		{F6FE523A-7B45-651F-2C87-EA5B51A38D63}.Debug|Any CPU.ActiveCfg = Debug|Any CPU
		{F6FE523A-7B45-651F-2C87-EA5B51A38D63}.Debug|Any CPU.Build.0 = Debug|Any CPU
		{F6FE523A-7B45-651F-2C87-EA5B51A38D63}.Release|Any CPU.ActiveCfg = Release|Any CPU
		{F6FE523A-7B45-651F-2C87-EA5B51A38D63}.Release|Any CPU.Build.0 = Release|Any CPU
	EndGlobalSection
	GlobalSection(SolutionProperties) = preSolution
		HideSolutionNode = FALSE
	EndGlobalSection
	GlobalSection(ExtensibilityGlobals) = postSolution
		SolutionGuid = {3D85910A-6645-4950-B453-8A8ACFEF7686}
	EndGlobalSection
EndGlobal
